
Microsoft Visual Studio Solution File, Format Version 12.00
# Visual Studio Version 16
VisualStudioVersion = 16.0.32002.261
MinimumVisualStudioVersion = 10.0.40219.1
Project("{FAE04EC0-301F-11D3-BF4B-00C04F79EFBC}") = "ApiDisneyPruebaCore5", "ApiDisneyPruebaCore5\ApiDisneyPruebaCore5.csproj", "{0AFABC29-43CC-4AC2-8A93-A7C7BC0C8092}"
EndProject
Global
	GlobalSection(SolutionConfigurationPlatforms) = preSolution
		Debug|Any CPU = Debug|Any CPU
		Release|Any CPU = Release|Any CPU
	EndGlobalSection
	GlobalSection(ProjectConfigurationPlatforms) = postSolution
		{0AFABC29-43CC-4AC2-8A93-A7C7BC0C8092}.Debug|Any CPU.ActiveCfg = Debug|Any CPU
		{0AFABC29-43CC-4AC2-8A93-A7C7BC0C8092}.Debug|Any CPU.Build.0 = Debug|Any CPU
		{0AFABC29-43CC-4AC2-8A93-A7C7BC0C8092}.Release|Any CPU.ActiveCfg = Release|Any CPU
		{0AFABC29-43CC-4AC2-8A93-A7C7BC0C8092}.Release|Any CPU.Build.0 = Release|Any CPU
	EndGlobalSection
	GlobalSection(SolutionProperties) = preSolution
		HideSolutionNode = FALSE
	EndGlobalSection
	GlobalSection(ExtensibilityGlobals) = postSolution
		SolutionGuid = {41B4E6B3-AE5B-4595-8771-2C60F0E21908}
	EndGlobalSection
EndGlobal
